PODS:
  - Flutter (1.0.0)
  - handone_media_pipe (0.0.1):
    - Flutter
    - MediaPipeTasksVision (~> 0.10.0)
  - integration_test (0.0.1):
    - Flutter
  - MediaPipeTasksCommon (0.10.21)
  - MediaPipeTasksVision (0.10.21):
    - MediaPipeTasksCommon (= 0.10.21)

DEPENDENCIES:
  - Flutter (from `Flutter`)
  - handone_media_pipe (from `.symlinks/plugins/handone_media_pipe/ios`)
  - integration_test (from `.symlinks/plugins/integration_test/ios`)

SPEC REPOS:
  trunk:
    - MediaPipeTasksCommon
    - MediaPipeTasksVision

EXTERNAL SOURCES:
  Flutter:
    :path: Flutter
  handone_media_pipe:
    :path: ".symlinks/plugins/handone_media_pipe/ios"
  integration_test:
    :path: ".symlinks/plugins/integration_test/ios"

SPEC CHECKSUMS:
  Flutter: cabc95a1d2626b1b06e7179b784ebcf0c0cde467
  handone_media_pipe: b74d953ca94c70fd83aedd9ff42ea8cec16d4295
  integration_test: 252f60fa39af5e17c3aa9899d35d908a0721b573
  MediaPipeTasksCommon: 6cfa29170d4900f04d250ad95ec058f14a741f38
  MediaPipeTasksVision: 7b1c0f5a5820e87e9d96926f5e65d8cd3744fac2

PODFILE CHECKSUM: 3c63482e143d1b91d2d2560aee9fb04ecc74ac7e

COCOAPODS: 1.16.2
